
Microsoft Visual Studio Solution File, Format Version 12.00
# Visual Studio Version 17
VisualStudioVersion = 17.8.34511.84
MinimumVisualStudioVersion = 10.0.40219.1
Project("{9A19103F-16F7-4668-BE54-9A1E7A4F7556}") = "CadastroProduto", "CadastroProduto\CadastroProduto.csproj", "{C8F98DB4-9A99-4995-9E1B-EEECAAF60B76}"
EndProject
Project("{9A19103F-16F7-4668-BE54-9A1E7A4F7556}") = "Dominio", "Dominio\Dominio.csproj", "{BC6F6FDD-F975-41D3-A48B-02F32F7C0410}"
EndProject
Project("{9A19103F-16F7-4668-BE54-9A1E7A4F7556}") = "AcessoDados", "AcessoDados\AcessoDados.csproj", "{CC2AD235-2612-4264-9B64-114088A834D5}"
EndProject
Project("{9A19103F-16F7-4668-BE54-9A1E7A4F7556}") = "Negocio", "Negocio\Negocio.csproj", "{ABA3A5FC-A160-491F-ABA5-15FCFDC38D41}"
EndProject
Project("{9A19103F-16F7-4668-BE54-9A1E7A4F7556}") = "APIRefit", "APIRefit\APIRefit.csproj", "{09EF0F1D-7BD0-48E1-A5BE-72E5E01C14BE}"
EndProject
Project("{E53339B2-1760-4266-BCC7-CA923CBCF16C}") = "docker-compose", "docker-compose.dcproj", "{D0F1AA7E-E7F9-4BCF-B9EC-58A2B3D5CECF}"
EndProject
Project("{2150E333-8FDC-42A3-9474-1A3956D46DE8}") = "scriptsBanco", "scriptsBanco", "{6086714B-8422-4AA5-8F4C-B91CF8E9B40A}"
	ProjectSection(SolutionItems) = preProject
		CriarBancoEstoque.sql = CriarBancoEstoque.sql
	EndProjectSection
EndProject
Global
	GlobalSection(SolutionConfigurationPlatforms) = preSolution
		Debug|Any CPU = Debug|Any CPU
		Release|Any CPU = Release|Any CPU
	EndGlobalSection
	GlobalSection(ProjectConfigurationPlatforms) = postSolution
		{C8F98DB4-9A99-4995-9E1B-EEECAAF60B76}.Debug|Any CPU.ActiveCfg = Debug|Any CPU
		{C8F98DB4-9A99-4995-9E1B-EEECAAF60B76}.Debug|Any CPU.Build.0 = Debug|Any CPU
		{C8F98DB4-9A99-4995-9E1B-EEECAAF60B76}.Release|Any CPU.ActiveCfg = Release|Any CPU
		{C8F98DB4-9A99-4995-9E1B-EEECAAF60B76}.Release|Any CPU.Build.0 = Release|Any CPU
		{BC6F6FDD-F975-41D3-A48B-02F32F7C0410}.Debug|Any CPU.ActiveCfg = Debug|Any CPU
		{BC6F6FDD-F975-41D3-A48B-02F32F7C0410}.Debug|Any CPU.Build.0 = Debug|Any CPU
		{BC6F6FDD-F975-41D3-A48B-02F32F7C0410}.Release|Any CPU.ActiveCfg = Release|Any CPU
		{BC6F6FDD-F975-41D3-A48B-02F32F7C0410}.Release|Any CPU.Build.0 = Release|Any CPU
		{CC2AD235-2612-4264-9B64-114088A834D5}.Debug|Any CPU.ActiveCfg = Debug|Any CPU
		{CC2AD235-2612-4264-9B64-114088A834D5}.Debug|Any CPU.Build.0 = Debug|Any CPU
		{CC2AD235-2612-4264-9B64-114088A834D5}.Release|Any CPU.ActiveCfg = Release|Any CPU
		{CC2AD235-2612-4264-9B64-114088A834D5}.Release|Any CPU.Build.0 = Release|Any CPU
		{ABA3A5FC-A160-491F-ABA5-15FCFDC38D41}.Debug|Any CPU.ActiveCfg = Debug|Any CPU
		{ABA3A5FC-A160-491F-ABA5-15FCFDC38D41}.Debug|Any CPU.Build.0 = Debug|Any CPU
		{ABA3A5FC-A160-491F-ABA5-15FCFDC38D41}.Release|Any CPU.ActiveCfg = Release|Any CPU
		{ABA3A5FC-A160-491F-ABA5-15FCFDC38D41}.Release|Any CPU.Build.0 = Release|Any CPU
		{09EF0F1D-7BD0-48E1-A5BE-72E5E01C14BE}.Debug|Any CPU.ActiveCfg = Debug|Any CPU
		{09EF0F1D-7BD0-48E1-A5BE-72E5E01C14BE}.Debug|Any CPU.Build.0 = Debug|Any CPU
		{09EF0F1D-7BD0-48E1-A5BE-72E5E01C14BE}.Release|Any CPU.ActiveCfg = Release|Any CPU
		{09EF0F1D-7BD0-48E1-A5BE-72E5E01C14BE}.Release|Any CPU.Build.0 = Release|Any CPU
		{D0F1AA7E-E7F9-4BCF-B9EC-58A2B3D5CECF}.Debug|Any CPU.ActiveCfg = Debug|Any CPU
		{D0F1AA7E-E7F9-4BCF-B9EC-58A2B3D5CECF}.Debug|Any CPU.Build.0 = Debug|Any CPU
		{D0F1AA7E-E7F9-4BCF-B9EC-58A2B3D5CECF}.Release|Any CPU.ActiveCfg = Release|Any CPU
		{D0F1AA7E-E7F9-4BCF-B9EC-58A2B3D5CECF}.Release|Any CPU.Build.0 = Release|Any CPU
	EndGlobalSection
	GlobalSection(SolutionProperties) = preSolution
		HideSolutionNode = FALSE
	EndGlobalSection
	GlobalSection(ExtensibilityGlobals) = postSolution
		SolutionGuid = {879B1995-CC64-4E36-A2B5-5A146CF7109D}
	EndGlobalSection
EndGlobal
